
Microsoft Visual Studio Solution File, Format Version 12.00
# Visual Studio Version 17
VisualStudioVersion = 17.14.36915.13
MinimumVisualStudioVersion = 10.0.40219.1
Project("{FAE04EC0-301F-11D3-BF4B-00C04F79EFBC}") = "EZFood", "EZFood.csproj", "{F4CF15ED-7FFA-455D-AD28-C030CC80B67A}"
EndProject
Global
	GlobalSection(SolutionConfigurationPlatforms) = preSolution
		Debug|Any CPU = Debug|Any CPU
		Release|Any CPU = Release|Any CPU
	EndGlobalSection
	GlobalSection(ProjectConfigurationPlatforms) = postSolution
		{F4CF15ED-7FFA-455D-AD28-C030CC80B67A}.Debug|Any CPU.ActiveCfg = Debug|Any CPU
		{F4CF15ED-7FFA-455D-AD28-C030CC80B67A}.Debug|Any CPU.Build.0 = Debug|Any CPU
		{F4CF15ED-7FFA-455D-AD28-C030CC80B67A}.Release|Any CPU.ActiveCfg = Release|Any CPU
		{F4CF15ED-7FFA-455D-AD28-C030CC80B67A}.Release|Any CPU.Build.0 = Release|Any CPU
	EndGlobalSection
	GlobalSection(SolutionProperties) = preSolution
		HideSolutionNode = FALSE
	EndGlobalSection
	GlobalSection(ExtensibilityGlobals) = postSolution
		SolutionGuid = {FECE5ABD-2FC0-48AE-B8C8-02F4152B4B36}
	EndGlobalSection
EndGlobal
